// !$*UTF8*$!
{
	archiveVersion = 1;
	classes = {
	};
	objectVersion = 46;
	objects = {

/* Begin PBXBuildFile section */
		63304C841973A27900E65D61 /* Foundation.framework in Frameworks */ = {isa = PBXBuildFile; fileRef = 63304C831973A27900E65D61 /* Foundation.framework */; };
		63304C861973A27900E65D61 /* CoreGraphics.framework in Frameworks */ = {isa = PBXBuildFile; fileRef = 63304C851973A27900E65D61 /* CoreGraphics.framework */; };
		63304C881973A27900E65D61 /* UIKit.framework in Frameworks */ = {isa = PBXBuildFile; fileRef = 63304C871973A27900E65D61 /* UIKit.framework */; };
		63304C8E1973A27900E65D61 /* InfoPlist.strings in Resources */ = {isa = PBXBuildFile; fileRef = 63304C8C1973A27900E65D61 /* InfoPlist.strings */; };
		63304C901973A27900E65D61 /* main.m in Sources */ = {isa = PBXBuildFile; fileRef = 63304C8F1973A27900E65D61 /* main.m */; };
		63304C941973A27900E65D61 /* RestAppDelegate.m in Sources */ = {isa = PBXBuildFile; fileRef = 63304C931973A27900E65D61 /* RestAppDelegate.m */; };
		63304C971973A27900E65D61 /* Main.storyboard in Resources */ = {isa = PBXBuildFile; fileRef = 63304C951973A27900E65D61 /* Main.storyboard */; };
		63304C9A1973A27900E65D61 /* RestViewController.m in Sources */ = {isa = PBXBuildFile; fileRef = 63304C991973A27900E65D61 /* RestViewController.m */; };
		63304C9C1973A27900E65D61 /* Images.xcassets in Resources */ = {isa = PBXBuildFile; fileRef = 63304C9B1973A27900E65D61 /* Images.xcassets */; };
		63304CA31973A27900E65D61 /* XCTest.framework in Frameworks */ = {isa = PBXBuildFile; fileRef = 63304CA21973A27900E65D61 /* XCTest.framework */; };
		63304CA41973A27900E65D61 /* Foundation.framework in Frameworks */ = {isa = PBXBuildFile; fileRef = 63304C831973A27900E65D61 /* Foundation.framework */; };
		63304CA51973A27900E65D61 /* UIKit.framework in Frameworks */ = {isa = PBXBuildFile; fileRef = 63304C871973A27900E65D61 /* UIKit.framework */; };
		63304CAD1973A27900E65D61 /* InfoPlist.strings in Resources */ = {isa = PBXBuildFile; fileRef = 63304CAB1973A27900E65D61 /* InfoPlist.strings */; };
		63304CAF1973A27900E65D61 /* RestTests.m in Sources */ = {isa = PBXBuildFile; fileRef = 63304CAE1973A27900E65D61 /* RestTests.m */; };
/* End PBXBuildFile section */

/* Begin PBXContainerItemProxy section */
		63304CA61973A27900E65D61 /* PBXContainerItemProxy */ = {
			isa = PBXContainerItemProxy;
			containerPortal = 63304C781973A27900E65D61 /* Project object */;
			proxyType = 1;
			remoteGlobalIDString = 63304C7F1973A27900E65D61;
			remoteInfo = Rest;
		};
/* End PBXContainerItemProxy section */

/* Begin PBXFileReference section */
		63304C801973A27900E65D61 /* Rest.app */ = {isa = PBXFileReference; explicitFileType = wrapper.application; includeInIndex = 0; path = Rest.app; sourceTree = BUILT_PRODUCTS_DIR; };
		63304C831973A27900E65D61 /* Foundation.framework */ = {isa = PBXFileReference; lastKnownFileType = wrapper.framework; name = Foundation.framework; path = System/Library/Frameworks/Foundation.framework; sourceTree = SDKROOT; };
		63304C851973A27900E65D61 /* CoreGraphics.framework */ = {isa = PBXFileReference; lastKnownFileType = wrapper.framework; name = CoreGraphics.framework; path = System/Library/Frameworks/CoreGraphics.framework; sourceTree = SDKROOT; };
		63304C871973A27900E65D61 /* UIKit.framework */ = {isa = PBXFileReference; lastKnownFileType = wrapper.framework; name = UIKit.framework; path = System/Library/Frameworks/UIKit.framework; sourceTree = SDKROOT; };
		63304C8B1973A27900E65D61 /* Rest-Info.plist */ = {isa = PBXFileReference; lastKnownFileType = text.plist.xml; path = "Rest-Info.plist"; sourceTree = "<group>"; };
		63304C8D1973A27900E65D61 /* en */ = {isa = PBXFileReference; lastKnownFileType = text.plist.strings; name = en; path = en.lproj/InfoPlist.strings; sourceTree = "<group>"; };
		63304C8F1973A27900E65D61 /* main.m */ = {isa = PBXFileReference; lastKnownFileType = sourcecode.c.objc; path = main.m; sourceTree = "<group>"; };
		63304C911973A27900E65D61 /* Rest-Prefix.pch */ = {isa = PBXFileReference; lastKnownFileType = sourcecode.c.h; path = "Rest-Prefix.pch"; sourceTree = "<group>"; };
		63304C921973A27900E65D61 /* RestAppDelegate.h */ = {isa = PBXFileReference; lastKnownFileType = sourcecode.c.h; path = RestAppDelegate.h; sourceTree = "<group>"; };
		63304C931973A27900E65D61 /* RestAppDelegate.m */ = {isa = PBXFileReference; lastKnownFileType = sourcecode.c.objc; path = RestAppDelegate.m; sourceTree = "<group>"; };
		63304C961973A27900E65D61 /* Base */ = {isa = PBXFileReference; lastKnownFileType = file.storyboard; name = Base; path = Base.lproj/Main.storyboard; sourceTree = "<group>"; };
		63304C981973A27900E65D61 /* RestViewController.h */ = {isa = PBXFileReference; lastKnownFileType = sourcecode.c.h; path = RestViewController.h; sourceTree = "<group>"; };
		63304C991973A27900E65D61 /* RestViewController.m */ = {isa = PBXFileReference; lastKnownFileType = sourcecode.c.objc; path = RestViewController.m; sourceTree = "<group>"; };
		63304C9B1973A27900E65D61 /* Images.xcassets */ = {isa = PBXFileReference; lastKnownFileType = folder.assetcatalog; path = Images.xcassets; sourceTree = "<group>"; };
		63304CA11973A27900E65D61 /* RestTests.xctest */ = {isa = PBXFileReference; explicitFileType = wrapper.cfbundle; includeInIndex = 0; path = RestTests.xctest; sourceTree = BUILT_PRODUCTS_DIR; };
		63304CA21973A27900E65D61 /* XCTest.framework */ = {isa = PBXFileReference; lastKnownFileType = wrapper.framework; name = XCTest.framework; path = Library/Frameworks/XCTest.framework; sourceTree = DEVELOPER_DIR; };
		63304CAA1973A27900E65D61 /* RestTests-Info.plist */ = {isa = PBXFileReference; lastKnownFileType = text.plist.xml; path = "RestTests-Info.plist"; sourceTree = "<group>"; };
		63304CAC1973A27900E65D61 /* en */ = {isa = PBXFileReference; lastKnownFileType = text.plist.strings; name = en; path = en.lproj/InfoPlist.strings; sourceTree = "<group>"; };
		63304CAE1973A27900E65D61 /* RestTests.m */ = {isa = PBXFileReference; lastKnownFileType = sourcecode.c.objc; path = RestTests.m; sourceTree = "<group>"; };
/* End PBXFileReference section */

/* Begin PBXFrameworksBuildPhase section */
		63304C7D1973A27900E65D61 /* Frameworks */ = {
			isa = PBXFrameworksBuildPhase;
			buildActionMask = 2147483647;
			files = (
				63304C861973A27900E65D61 /* CoreGraphics.framework in Frameworks */,
				63304C881973A27900E65D61 /* UIKit.framework in Frameworks */,
				63304C841973A27900E65D61 /* Foundation.framework in Frameworks */,
			);
			runOnlyForDeploymentPostprocessing = 0;
		};
		63304C9E1973A27900E65D61 /* Frameworks */ = {
			isa = PBXFrameworksBuildPhase;
			buildActionMask = 2147483647;
			files = (
				63304CA31973A27900E65D61 /* XCTest.framework in Frameworks */,
				63304CA51973A27900E65D61 /* UIKit.framework in Frameworks */,
				63304CA41973A27900E65D61 /* Foundation.framework in Frameworks */,
			);
			runOnlyForDeploymentPostprocessing = 0;
		};
/* End PBXFrameworksBuildPhase section */

/* Begin PBXGroup section */
		63304C771973A27900E65D61 = {
			isa = PBXGroup;
			children = (
				63304C891973A27900E65D61 /* Rest */,
				63304CA81973A27900E65D61 /* RestTests */,
				63304C821973A27900E65D61 /* Frameworks */,
				63304C811973A27900E65D61 /* Products */,
			);
			sourceTree = "<group>";
		};
		63304C811973A27900E65D61 /* Products */ = {
			isa = PBXGroup;
			children = (
				63304C801973A27900E65D61 /* Rest.app */,
				63304CA11973A27900E65D61 /* RestTests.xctest */,
			);
			name = Products;
			sourceTree = "<group>";
		};
		63304C821973A27900E65D61 /* Frameworks */ = {
			isa = PBXGroup;
			children = (
				63304C831973A27900E65D61 /* Foundation.framework */,
				63304C851973A27900E65D61 /* CoreGraphics.framework */,
				63304C871973A27900E65D61 /* UIKit.framework */,
				63304CA21973A27900E65D61 /* XCTest.framework */,
			);
			name = Frameworks;
			sourceTree = "<group>";
		};
		63304C891973A27900E65D61 /* Rest */ = {
			isa = PBXGroup;
			children = (
				63304C921973A27900E65D61 /* RestAppDelegate.h */,
				63304C931973A27900E65D61 /* RestAppDelegate.m */,
				63304C951973A27900E65D61 /* Main.storyboard */,
				63304C981973A27900E65D61 /* RestViewController.h */,
				63304C991973A27900E65D61 /* RestViewController.m */,
				63304C9B1973A27900E65D61 /* Images.xcassets */,
				63304C8A1973A27900E65D61 /* Supporting Files */,
			);
			path = Rest;
			sourceTree = "<group>";
		};
		63304C8A1973A27900E65D61 /* Supporting Files */ = {
			isa = PBXGroup;
			children = (
				63304C8B1973A27900E65D61 /* Rest-Info.plist */,
				63304C8C1973A27900E65D61 /* InfoPlist.strings */,
				63304C8F1973A27900E65D61 /* main.m */,
				63304C911973A27900E65D61 /* Rest-Prefix.pch */,
			);
			name = "Supporting Files";
			sourceTree = "<group>";
		};
		63304CA81973A27900E65D61 /* RestTests */ = {
			isa = PBXGroup;
			children = (
				63304CAE1973A27900E65D61 /* RestTests.m */,
				63304CA91973A27900E65D61 /* Supporting Files */,
			);
			path = RestTests;
			sourceTree = "<group>";
		};
		63304CA91973A27900E65D61 /* Supporting Files */ = {
			isa = PBXGroup;
			children = (
				63304CAA1973A27900E65D61 /* RestTests-Info.plist */,
				63304CAB1973A27900E65D61 /* InfoPlist.strings */,
			);
			name = "Supporting Files";
			sourceTree = "<group>";
		};
/* End PBXGroup section */

/* Begin PBXNativeTarget section */
		63304C7F1973A27900E65D61 /* Rest */ = {
			isa = PBXNativeTarget;
			buildConfigurationList = 63304CB21973A27900E65D61 /* Build configuration list for PBXNativeTarget "Rest" */;
			buildPhases = (
				63304C7C1973A27900E65D61 /* Sources */,
				63304C7D1973A27900E65D61 /* Frameworks */,
				63304C7E1973A27900E65D61 /* Resources */,
			);
			buildRules = (
			);
			dependencies = (
			);
			name = Rest;
			productName = Rest;
			productReference = 63304C801973A27900E65D61 /* Rest.app */;
			productType = "com.apple.product-type.application";
		};
		63304CA01973A27900E65D61 /* RestTests */ = {
			isa = PBXNativeTarget;
			buildConfigurationList = 63304CB51973A27900E65D61 /* Build configuration list for PBXNativeTarget "RestTests" */;
			buildPhases = (
				63304C9D1973A27900E65D61 /* Sources */,
				63304C9E1973A27900E65D61 /* Frameworks */,
				63304C9F1973A27900E65D61 /* Resources */,
			);
			buildRules = (
			);
			dependencies = (
				63304CA71973A27900E65D61 /* PBXTargetDependency */,
			);
			name = RestTests;
			productName = RestTests;
			productReference = 63304CA11973A27900E65D61 /* RestTests.xctest */;
			productType = "com.apple.product-type.bundle.unit-test";
		};
/* End PBXNativeTarget section */

/* Begin PBXProject section */
		63304C781973A27900E65D61 /* Project object */ = {
			isa = PBXProject;
			attributes = {
				CLASSPREFIX = Rest;
				LastUpgradeCheck = 0510;
				ORGANIZATIONNAME = Spring;
				TargetAttributes = {
					63304CA01973A27900E65D61 = {
						TestTargetID = 63304C7F1973A27900E65D61;
					};
				};
			};
			buildConfigurationList = 63304C7B1973A27900E65D61 /* Build configuration list for PBXProject "Rest" */;
			compatibilityVersion = "Xcode 3.2";
			developmentRegion = English;
			hasScannedForEncodings = 0;
			knownRegions = (
				en,
				Base,
			);
			mainGroup = 63304C771973A27900E65D61;
			productRefGroup = 63304C811973A27900E65D61 /* Products */;
			projectDirPath = "";
			projectRoot = "";
			targets = (
				63304C7F1973A27900E65D61 /* Rest */,
				63304CA01973A27900E65D61 /* RestTests */,
			);
		};
/* End PBXProject section */

/* Begin PBXResourcesBuildPhase section */
		63304C7E1973A27900E65D61 /* Resources */ = {
			isa = PBXResourcesBuildPhase;
			buildActionMask = 2147483647;
			files = (
				63304C9C1973A27900E65D61 /* Images.xcassets in Resources */,
				63304C8E1973A27900E65D61 /* InfoPlist.strings in Resources */,
				63304C971973A27900E65D61 /* Main.storyboard in Resources */,
			);
			runOnlyForDeploymentPostprocessing = 0;
		};
		63304C9F1973A27900E65D61 /* Resources */ = {
			isa = PBXResourcesBuildPhase;
			buildActionMask = 2147483647;
			files = (
				63304CAD1973A27900E65D61 /* InfoPlist.strings in Resources */,
			);
			runOnlyForDeploymentPostprocessing = 0;
		};
/* End PBXResourcesBuildPhase section */

/* Begin PBXSourcesBuildPhase section */
		63304C7C1973A27900E65D61 /* Sources */ = {
			isa = PBXSourcesBuildPhase;
			buildActionMask = 2147483647;
			files = (
				63304C941973A27900E65D61 /* RestAppDelegate.m in Sources */,
				63304C9A1973A27900E65D61 /* RestViewController.m in Sources */,
				63304C901973A27900E65D61 /* main.m in Sources */,
			);
			runOnlyForDeploymentPostprocessing = 0;
		};
		63304C9D1973A27900E65D61 /* Sources */ = {
			isa = PBXSourcesBuildPhase;
			buildActionMask = 2147483647;
			files = (
				63304CAF1973A27900E65D61 /* RestTests.m in Sources */,
			);
			runOnlyForDeploymentPostprocessing = 0;
		};
/* End PBXSourcesBuildPhase section */

/* Begin PBXTargetDependency section */
		63304CA71973A27900E65D61 /* PBXTargetDependency */ = {
			isa = PBXTargetDependency;
			target = 63304C7F1973A27900E65D61 /* Rest */;
			targetProxy = 63304CA61973A27900E65D61 /* PBXContainerItemProxy */;
		};
/* End PBXTargetDependency section */

/* Begin PBXVariantGroup section */
		63304C8C1973A27900E65D61 /* InfoPlist.strings */ = {
			isa = PBXVariantGroup;
			children = (
				63304C8D1973A27900E65D61 /* en */,
			);
			name = InfoPlist.strings;
			sourceTree = "<group>";
		};
		63304C951973A27900E65D61 /* Main.storyboard */ = {
			isa = PBXVariantGroup;
			children = (
				63304C961973A27900E65D61 /* Base */,
			);
			name = Main.storyboard;
			sourceTree = "<group>";
		};
		63304CAB1973A27900E65D61 /* InfoPlist.strings */ = {
			isa = PBXVariantGroup;
			children = (
				63304CAC1973A27900E65D61 /* en */,
			);
			name = InfoPlist.strings;
			sourceTree = "<group>";
		};
/* End PBXVariantGroup section */

/* Begin XCBuildConfiguration section */
		63304CB01973A27900E65D61 /* Debug */ = {
			isa = XCBuildConfiguration;
			buildSettings = {
				ALWAYS_SEARCH_USER_PATHS = NO;
				CLANG_CXX_LANGUAGE_STANDARD = "gnu++0x";
				CLANG_CXX_LIBRARY = "libc++";
				CLANG_ENABLE_MODULES = YES;
				CLANG_ENABLE_OBJC_ARC = YES;
				CLANG_WARN_BOOL_CONVERSION = YES;
				CLANG_WARN_CONSTANT_CONVERSION = YES;
				CLANG_WARN_DIRECT_OBJC_ISA_USAGE = YES_ERROR;
				CLANG_WARN_EMPTY_BODY = YES;
				CLANG_WARN_ENUM_CONVERSION = YES;
				CLANG_WARN_INT_CONVERSION = YES;
				CLANG_WARN_OBJC_ROOT_CLASS = YES_ERROR;
				CLANG_WARN__DUPLICATE_METHOD_MATCH = YES;
				"CODE_SIGN_IDENTITY[sdk=iphoneos*]" = "iPhone Developer";
				COPY_PHASE_STRIP = NO;
				GCC_C_LANGUAGE_STANDARD = gnu99;
				GCC_DYNAMIC_NO_PIC = NO;
				GCC_OPTIMIZATION_LEVEL = 0;
				GCC_PREPROCESSOR_DEFINITIONS = (
					"DEBUG=1",
					"$(inherited)",
				);
				GCC_SYMBOLS_PRIVATE_EXTERN = NO;
				GCC_WARN_64_TO_32_BIT_CONVERSION = YES;
				GCC_WARN_ABOUT_RETURN_TYPE = YES_ERROR;
				GCC_WARN_UNDECLARED_SELECTOR = YES;
				GCC_WARN_UNINITIALIZED_AUTOS = YES_AGGRESSIVE;
				GCC_WARN_UNUSED_FUNCTION = YES;
				GCC_WARN_UNUSED_VARIABLE = YES;
				IPHONEOS_DEPLOYMENT_TARGET = 7.1;
				ONLY_ACTIVE_ARCH = YES;
				SDKROOT = iphoneos;
			};
			name = Debug;
		};
		63304CB11973A27900E65D61 /* Release */ = {
			isa = XCBuildConfiguration;
			buildSettings = {
				ALWAYS_SEARCH_USER_PATHS = NO;
				CLANG_CXX_LANGUAGE_STANDARD = "gnu++0x";
				CLANG_CXX_LIBRARY = "libc++";
				CLANG_ENABLE_MODULES = YES;
				CLANG_ENABLE_OBJC_ARC = YES;
				CLANG_WARN_BOOL_CONVERSION = YES;
				CLANG_WARN_CONSTANT_CONVERSION = YES;
				CLANG_WARN_DIRECT_OBJC_ISA_USAGE = YES_ERROR;
				CLANG_WARN_EMPTY_BODY = YES;
				CLANG_WARN_ENUM_CONVERSION = YES;
				CLANG_WARN_INT_CONVERSION = YES;
				CLANG_WARN_OBJC_ROOT_CLASS = YES_ERROR;
				CLANG_WARN__DUPLICATE_METHOD_MATCH = YES;
				"CODE_SIGN_IDENTITY[sdk=iphoneos*]" = "iPhone Developer";
				COPY_PHASE_STRIP = YES;
				ENABLE_NS_ASSERTIONS = NO;
				GCC_C_LANGUAGE_STANDARD = gnu99;
				GCC_WARN_64_TO_32_BIT_CONVERSION = YES;
				GCC_WARN_ABOUT_RETURN_TYPE = YES_ERROR;
				GCC_WARN_UNDECLARED_SELECTOR = YES;
				GCC_WARN_UNINITIALIZED_AUTOS = YES_AGGRESSIVE;
				GCC_WARN_UNUSED_FUNCTION = YES;
				GCC_WARN_UNUSED_VARIABLE = YES;
				IPHONEOS_DEPLOYMENT_TARGET = 7.1;
				SDKROOT = iphoneos;
				VALIDATE_PRODUCT = YES;
			};
			name = Release;
		};
		63304CB31973A27900E65D61 /* Debug */ = {
			isa = XCBuildConfiguration;
			buildSettings = {
				ASSETCATALOG_COMPILER_APPICON_NAME = AppIcon;
				ASSETCATALOG_COMPILER_LAUNCHIMAGE_NAME = LaunchImage;
				GCC_PRECOMPILE_PREFIX_HEADER = YES;
				GCC_PREFIX_HEADER = "Rest/Rest-Prefix.pch";
				INFOPLIST_FILE = "Rest/Rest-Info.plist";
				PRODUCT_NAME = "$(TARGET_NAME)";
				WRAPPER_EXTENSION = app;
			};
			name = Debug;
		};
		63304CB41973A27900E65D61 /* Release */ = {
			isa = XCBuildConfiguration;
			buildSettings = {
				ASSETCATALOG_COMPILER_APPICON_NAME = AppIcon;
				ASSETCATALOG_COMPILER_LAUNCHIMAGE_NAME = LaunchImage;
				GCC_PRECOMPILE_PREFIX_HEADER = YES;
				GCC_PREFIX_HEADER = "Rest/Rest-Prefix.pch";
				INFOPLIST_FILE = "Rest/Rest-Info.plist";
				PRODUCT_NAME = "$(TARGET_NAME)";
				WRAPPER_EXTENSION = app;
			};
			name = Release;
		};
		63304CB61973A27900E65D61 /* Debug */ = {
			isa = XCBuildConfiguration;
			buildSettings = {
				BUNDLE_LOADER = "$(BUILT_PRODUCTS_DIR)/Rest.app/Rest";
				FRAMEWORK_SEARCH_PATHS = (
					"$(SDKROOT)/Developer/Library/Frameworks",
					"$(inherited)",
					"$(DEVELOPER_FRAMEWORKS_DIR)",
				);
				GCC_PRECOMPILE_PREFIX_HEADER = YES;
				GCC_PREFIX_HEADER = "Rest/Rest-Prefix.pch";
				GCC_PREPROCESSOR_DEFINITIONS = (
					"DEBUG=1",
					"$(inherited)",
				);
				INFOPLIST_FILE = "RestTests/RestTests-Info.plist";
				PRODUCT_NAME = "$(TARGET_NAME)";
				TEST_HOST = "$(BUNDLE_LOADER)";
				WRAPPER_EXTENSION = xctest;
			};
			name = Debug;
		};
		63304CB71973A27900E65D61 /* Release */ = {
			isa = XCBuildConfiguration;
			buildSettings = {
				BUNDLE_LOADER = "$(BUILT_PRODUCTS_DIR)/Rest.app/Rest";
				FRAMEWORK_SEARCH_PATHS = (
					"$(SDKROOT)/Developer/Library/Frameworks",
					"$(inherited)",
					"$(DEVELOPER_FRAMEWORKS_DIR)",
				);
				GCC_PRECOMPILE_PREFIX_HEADER = YES;
				GCC_PREFIX_HEADER = "Rest/Rest-Prefix.pch";
				INFOPLIST_FILE = "RestTests/RestTests-Info.plist";
				PRODUCT_NAME = "$(TARGET_NAME)";
				TEST_HOST = "$(BUNDLE_LOADER)";
				WRAPPER_EXTENSION = xctest;
			};
			name = Release;
		};
/* End XCBuildConfiguration section */

/* Begin XCConfigurationList section */
		63304C7B1973A27900E65D61 /* Build configuration list for PBXProject "Rest" */ = {
			isa = XCConfigurationList;
			buildConfigurations = (
				63304CB01973A27900E65D61 /* Debug */,
				63304CB11973A27900E65D61 /* Release */,
			);
			defaultConfigurationIsVisible = 0;
			defaultConfigurationName = Release;
		};
		63304CB21973A27900E65D61 /* Build configuration list for PBXNativeTarget "Rest" */ = {
			isa = XCConfigurationList;
			buildConfigurations = (
				63304CB31973A27900E65D61 /* Debug */,
				63304CB41973A27900E65D61 /* Release */,
			);
			defaultConfigurationIsVisible = 0;
		};
		63304CB51973A27900E65D61 /* Build configuration list for PBXNativeTarget "RestTests" */ = {
			isa = XCConfigurationList;
			buildConfigurations = (
				63304CB61973A27900E65D61 /* Debug */,
				63304CB71973A27900E65D61 /* Release */,
			);
			defaultConfigurationIsVisible = 0;
		};
/* End XCConfigurationList section */
	};
	rootObject = 63304C781973A27900E65D61 /* Project object */;
}
